
Microsoft Visual Studio Solution File, Format Version 12.00
# Visual Studio Version 17
VisualStudioVersion = 17.9.34607.119
MinimumVisualStudioVersion = 10.0.40219.1
Project("{FAE04EC0-301F-11D3-BF4B-00C04F79EFBC}") = "Week4Loops", "Week4Loops\Week4Loops.csproj", "{1B0B8A8B-8F6E-43D5-AF24-BDEE4C49C7A9}"
EndProject
Project("{FAE04EC0-301F-11D3-BF4B-00C04F79EFBC}") = "ForLoopSum", "ForLoopSum\ForLoopSum.csproj", "{E839C26A-0435-4C63-863F-1133C5AA2845}"
EndProject
Project("{FAE04EC0-301F-11D3-BF4B-00C04F79EFBC}") = "RandomNumber", "RandomNumber\RandomNumber.csproj", "{26FCBB13-A4A6-46BA-B310-6C682F57CF43}"
EndProject
Project("{FAE04EC0-301F-11D3-BF4B-00C04F79EFBC}") = "WhileLoops", "WhileLoops\WhileLoops.csproj", "{45D7257F-55D3-4525-9D33-5E9F9B6338EA}"
EndProject
Global
	GlobalSection(SolutionConfigurationPlatforms) = preSolution
		Debug|Any CPU = Debug|Any CPU
		Release|Any CPU = Release|Any CPU
	EndGlobalSection
	GlobalSection(ProjectConfigurationPlatforms) = postSolution
		{1B0B8A8B-8F6E-43D5-AF24-BDEE4C49C7A9}.Debug|Any CPU.ActiveCfg = Debug|Any CPU
		{1B0B8A8B-8F6E-43D5-AF24-BDEE4C49C7A9}.Debug|Any CPU.Build.0 = Debug|Any CPU
		{1B0B8A8B-8F6E-43D5-AF24-BDEE4C49C7A9}.Release|Any CPU.ActiveCfg = Release|Any CPU
		{1B0B8A8B-8F6E-43D5-AF24-BDEE4C49C7A9}.Release|Any CPU.Build.0 = Release|Any CPU
		{E839C26A-0435-4C63-863F-1133C5AA2845}.Debug|Any CPU.ActiveCfg = Debug|Any CPU
		{E839C26A-0435-4C63-863F-1133C5AA2845}.Debug|Any CPU.Build.0 = Debug|Any CPU
		{E839C26A-0435-4C63-863F-1133C5AA2845}.Release|Any CPU.ActiveCfg = Release|Any CPU
		{E839C26A-0435-4C63-863F-1133C5AA2845}.Release|Any CPU.Build.0 = Release|Any CPU
		{26FCBB13-A4A6-46BA-B310-6C682F57CF43}.Debug|Any CPU.ActiveCfg = Debug|Any CPU
		{26FCBB13-A4A6-46BA-B310-6C682F57CF43}.Debug|Any CPU.Build.0 = Debug|Any CPU
		{26FCBB13-A4A6-46BA-B310-6C682F57CF43}.Release|Any CPU.ActiveCfg = Release|Any CPU
		{26FCBB13-A4A6-46BA-B310-6C682F57CF43}.Release|Any CPU.Build.0 = Release|Any CPU
		{45D7257F-55D3-4525-9D33-5E9F9B6338EA}.Debug|Any CPU.ActiveCfg = Debug|Any CPU
		{45D7257F-55D3-4525-9D33-5E9F9B6338EA}.Debug|Any CPU.Build.0 = Debug|Any CPU
		{45D7257F-55D3-4525-9D33-5E9F9B6338EA}.Release|Any CPU.ActiveCfg = Release|Any CPU
		{45D7257F-55D3-4525-9D33-5E9F9B6338EA}.Release|Any CPU.Build.0 = Release|Any CPU
	EndGlobalSection
	GlobalSection(SolutionProperties) = preSolution
		HideSolutionNode = FALSE
	EndGlobalSection
	GlobalSection(ExtensibilityGlobals) = postSolution
		SolutionGuid = {209B5DE9-F966-4A9F-B181-20AEE90B5B56}
	EndGlobalSection
EndGlobal
